
Microsoft Visual Studio Solution File, Format Version 12.00
Project("{FAE04EC0-301F-11D3-BF4B-00C04F79EFBC}") = "Requests.NET", "Requests.NET\Requests.NET.csproj", "{F3EAC5FE-D6BD-49E1-923B-8D8BF9D6A4E1}"
EndProject
Project("{FAE04EC0-301F-11D3-BF4B-00C04F79EFBC}") = "Requests.NET.Tests", "Requests.NET.Tests\Requests.NET.Tests.csproj", "{2BD2EAB2-74CA-4EC1-9152-D59BA91696EB}"
EndProject
Project("{FAE04EC0-301F-11D3-BF4B-00C04F79EFBC}") = "Requests.NET.NLog", "Requests.NET.NLog\Requests.NET.NLog.csproj", "{1CD3CBA7-E524-4B25-A31C-730D232DC08D}"
EndProject
Global
	GlobalSection(SolutionConfigurationPlatforms) = preSolution
		Debug|Any CPU = Debug|Any CPU
		Release|Any CPU = Release|Any CPU
	EndGlobalSection
	GlobalSection(ProjectConfigurationPlatforms) = postSolution
		{F3EAC5FE-D6BD-49E1-923B-8D8BF9D6A4E1}.Debug|Any CPU.ActiveCfg = Debug|Any CPU
		{F3EAC5FE-D6BD-49E1-923B-8D8BF9D6A4E1}.Debug|Any CPU.Build.0 = Debug|Any CPU
		{F3EAC5FE-D6BD-49E1-923B-8D8BF9D6A4E1}.Release|Any CPU.ActiveCfg = Release|Any CPU
		{F3EAC5FE-D6BD-49E1-923B-8D8BF9D6A4E1}.Release|Any CPU.Build.0 = Release|Any CPU
		{2BD2EAB2-74CA-4EC1-9152-D59BA91696EB}.Debug|Any CPU.ActiveCfg = Debug|Any CPU
		{2BD2EAB2-74CA-4EC1-9152-D59BA91696EB}.Debug|Any CPU.Build.0 = Debug|Any CPU
		{2BD2EAB2-74CA-4EC1-9152-D59BA91696EB}.Release|Any CPU.ActiveCfg = Release|Any CPU
		{2BD2EAB2-74CA-4EC1-9152-D59BA91696EB}.Release|Any CPU.Build.0 = Release|Any CPU
		{1CD3CBA7-E524-4B25-A31C-730D232DC08D}.Debug|Any CPU.ActiveCfg = Debug|Any CPU
		{1CD3CBA7-E524-4B25-A31C-730D232DC08D}.Debug|Any CPU.Build.0 = Debug|Any CPU
		{1CD3CBA7-E524-4B25-A31C-730D232DC08D}.Release|Any CPU.ActiveCfg = Release|Any CPU
		{1CD3CBA7-E524-4B25-A31C-730D232DC08D}.Release|Any CPU.Build.0 = Release|Any CPU
	EndGlobalSection
EndGlobal
